
Microsoft Visual Studio Solution File, Format Version 12.00
# Visual Studio Version 16
VisualStudioVersion = 16.0.29519.181
MinimumVisualStudioVersion = 10.0.40219.1
Project("{FAE04EC0-301F-11D3-BF4B-00C04F79EFBC}") = "Comic_website", "Comic_website\Comic_website.csproj", "{8F72B45C-BAAB-4973-BFE3-EA575675919A}"
EndProject
Global
	GlobalSection(SolutionConfigurationPlatforms) = preSolution
		Debug|Any CPU = Debug|Any CPU
		Release|Any CPU = Release|Any CPU
	EndGlobalSection
	GlobalSection(ProjectConfigurationPlatforms) = postSolution
		{8F72B45C-BAAB-4973-BFE3-EA575675919A}.Debug|Any CPU.ActiveCfg = Debug|Any CPU
		{8F72B45C-BAAB-4973-BFE3-EA575675919A}.Debug|Any CPU.Build.0 = Debug|Any CPU
		{8F72B45C-BAAB-4973-BFE3-EA575675919A}.Release|Any CPU.ActiveCfg = Release|Any CPU
		{8F72B45C-BAAB-4973-BFE3-EA575675919A}.Release|Any CPU.Build.0 = Release|Any CPU
	EndGlobalSection
	GlobalSection(SolutionProperties) = preSolution
		HideSolutionNode = FALSE
	EndGlobalSection
	GlobalSection(ExtensibilityGlobals) = postSolution
		SolutionGuid = {F7FE375C-DB27-462B-BC3D-F9B6DC79A06B}
	EndGlobalSection
EndGlobal
